
Microsoft Visual Studio Solution File, Format Version 12.00
# Visual Studio Version 17
VisualStudioVersion = 17.3.32819.101
MinimumVisualStudioVersion = 10.0.40219.1
Project("{8BC9CEB8-8B4A-11D0-8D11-00A0C91BC942}") = "Display", "Display\Display.vcxproj", "{AA13546D-A0F1-4507-8F17-E3349DFF21E1}"
EndProject
Project("{8BC9CEB8-8B4A-11D0-8D11-00A0C91BC942}") = "Controller", "Controller\Controller.vcxproj", "{C09E0A77-1729-462B-8D2B-F00BC4529C30}"
EndProject
Project("{8BC9CEB8-8B4A-11D0-8D11-00A0C91BC942}") = "Fake_Display", "Fake_Display\Fake_Display.vcxproj", "{99C5F45E-6247-4357-8073-4D1AF1DFF108}"
EndProject
Global
	GlobalSection(SolutionConfigurationPlatforms) = preSolution
		Debug|x64 = Debug|x64
		Debug|x86 = Debug|x86
		Release|x64 = Release|x64
		Release|x86 = Release|x86
	EndGlobalSection
	GlobalSection(ProjectConfigurationPlatforms) = postSolution
		{AA13546D-A0F1-4507-8F17-E3349DFF21E1}.Debug|x64.ActiveCfg = Debug|x64
		{AA13546D-A0F1-4507-8F17-E3349DFF21E1}.Debug|x64.Build.0 = Debug|x64
		{AA13546D-A0F1-4507-8F17-E3349DFF21E1}.Debug|x86.ActiveCfg = Debug|x64
		{AA13546D-A0F1-4507-8F17-E3349DFF21E1}.Debug|x86.Build.0 = Debug|x64
		{AA13546D-A0F1-4507-8F17-E3349DFF21E1}.Release|x64.ActiveCfg = Release|x64
		{AA13546D-A0F1-4507-8F17-E3349DFF21E1}.Release|x64.Build.0 = Release|x64
		{AA13546D-A0F1-4507-8F17-E3349DFF21E1}.Release|x86.ActiveCfg = Release|x64
		{AA13546D-A0F1-4507-8F17-E3349DFF21E1}.Release|x86.Build.0 = Release|x64
		{C09E0A77-1729-462B-8D2B-F00BC4529C30}.Debug|x64.ActiveCfg = Debug|x64
		{C09E0A77-1729-462B-8D2B-F00BC4529C30}.Debug|x64.Build.0 = Debug|x64
		{C09E0A77-1729-462B-8D2B-F00BC4529C30}.Debug|x86.ActiveCfg = Debug|Win32
		{C09E0A77-1729-462B-8D2B-F00BC4529C30}.Debug|x86.Build.0 = Debug|Win32
		{C09E0A77-1729-462B-8D2B-F00BC4529C30}.Release|x64.ActiveCfg = Release|x64
		{C09E0A77-1729-462B-8D2B-F00BC4529C30}.Release|x64.Build.0 = Release|x64
		{C09E0A77-1729-462B-8D2B-F00BC4529C30}.Release|x86.ActiveCfg = Release|Win32
		{C09E0A77-1729-462B-8D2B-F00BC4529C30}.Release|x86.Build.0 = Release|Win32
		{99C5F45E-6247-4357-8073-4D1AF1DFF108}.Debug|x64.ActiveCfg = Debug|x64
		{99C5F45E-6247-4357-8073-4D1AF1DFF108}.Debug|x64.Build.0 = Debug|x64
		{99C5F45E-6247-4357-8073-4D1AF1DFF108}.Debug|x86.ActiveCfg = Debug|Win32
		{99C5F45E-6247-4357-8073-4D1AF1DFF108}.Debug|x86.Build.0 = Debug|Win32
		{99C5F45E-6247-4357-8073-4D1AF1DFF108}.Release|x64.ActiveCfg = Release|x64
		{99C5F45E-6247-4357-8073-4D1AF1DFF108}.Release|x64.Build.0 = Release|x64
		{99C5F45E-6247-4357-8073-4D1AF1DFF108}.Release|x86.ActiveCfg = Release|Win32
		{99C5F45E-6247-4357-8073-4D1AF1DFF108}.Release|x86.Build.0 = Release|Win32
	EndGlobalSection
	GlobalSection(SolutionProperties) = preSolution
		HideSolutionNode = FALSE
	EndGlobalSection
	GlobalSection(ExtensibilityGlobals) = postSolution
		SolutionGuid = {54EE4B4E-692F-4671-BFD7-1FE2BBB4E388}
	EndGlobalSection
EndGlobal
